
Microsoft Visual Studio Solution File, Format Version 12.00
Project("{FAE04EC0-301F-11D3-BF4B-00C04F79EFBC}") = "APBD_Test", "APBD_Test\APBD_Test.csproj", "{E89226E2-786C-4825-BBBB-1C14CB74D7EF}"
EndProject
Global
	GlobalSection(SolutionConfigurationPlatforms) = preSolution
		Debug|Any CPU = Debug|Any CPU
		Release|Any CPU = Release|Any CPU
	EndGlobalSection
	GlobalSection(ProjectConfigurationPlatforms) = postSolution
		{E89226E2-786C-4825-BBBB-1C14CB74D7EF}.Debug|Any CPU.ActiveCfg = Debug|Any CPU
		{E89226E2-786C-4825-BBBB-1C14CB74D7EF}.Debug|Any CPU.Build.0 = Debug|Any CPU
		{E89226E2-786C-4825-BBBB-1C14CB74D7EF}.Release|Any CPU.ActiveCfg = Release|Any CPU
		{E89226E2-786C-4825-BBBB-1C14CB74D7EF}.Release|Any CPU.Build.0 = Release|Any CPU
	EndGlobalSection
EndGlobal
